
Microsoft Visual Studio Solution File, Format Version 12.00
# Visual Studio Version 16
VisualStudioVersion = 16.0.30611.23
MinimumVisualStudioVersion = 10.0.40219.1
Project("{FAE04EC0-301F-11D3-BF4B-00C04F79EFBC}") = "dotnet_with_serilog", "dotnet_with_serilog.csproj", "{799A3A27-6FDB-444D-A1D0-4A5F82987FE1}"
EndProject
Global
	GlobalSection(SolutionConfigurationPlatforms) = preSolution
		Debug|Any CPU = Debug|Any CPU
		Release|Any CPU = Release|Any CPU
	EndGlobalSection
	GlobalSection(ProjectConfigurationPlatforms) = postSolution
		{799A3A27-6FDB-444D-A1D0-4A5F82987FE1}.Debug|Any CPU.ActiveCfg = Debug|Any CPU
		{799A3A27-6FDB-444D-A1D0-4A5F82987FE1}.Debug|Any CPU.Build.0 = Debug|Any CPU
		{799A3A27-6FDB-444D-A1D0-4A5F82987FE1}.Release|Any CPU.ActiveCfg = Release|Any CPU
		{799A3A27-6FDB-444D-A1D0-4A5F82987FE1}.Release|Any CPU.Build.0 = Release|Any CPU
	EndGlobalSection
	GlobalSection(SolutionProperties) = preSolution
		HideSolutionNode = FALSE
	EndGlobalSection
	GlobalSection(ExtensibilityGlobals) = postSolution
		SolutionGuid = {D8CFE802-B618-4BDB-8F2D-ABCF9F6D86CA}
	EndGlobalSection
EndGlobal
